// !$*UTF8*$!
{
	archiveVersion = 1;
	classes = {
	};
	objectVersion = 55;
	objects = {

/* Begin PBXBuildFile section */
		36296E2C280D7DC700B2C443 /* AppDelegate.swift in Sources */ = {isa = PBXBuildFile; fileRef = 36296E2B280D7DC700B2C443 /* AppDelegate.swift */; };
		36296E2E280D7DC700B2C443 /* SceneDelegate.swift in Sources */ = {isa = PBXBuildFile; fileRef = 36296E2D280D7DC700B2C443 /* SceneDelegate.swift */; };
		36296E35280D7DC900B2C443 /* Assets.xcassets in Resources */ = {isa = PBXBuildFile; fileRef = 36296E34280D7DC900B2C443 /* Assets.xcassets */; };
		36296E38280D7DC900B2C443 /* LaunchScreen.storyboard in Resources */ = {isa = PBXBuildFile; fileRef = 36296E36280D7DC900B2C443 /* LaunchScreen.storyboard */; };
		36296E42280D7EEE00B2C443 /* Alamofire in Frameworks */ = {isa = PBXBuildFile; productRef = 36296E41280D7EEE00B2C443 /* Alamofire */; };
		36296E45280D7F0F00B2C443 /* SDWebImage in Frameworks */ = {isa = PBXBuildFile; productRef = 36296E44280D7F0F00B2C443 /* SDWebImage */; };
		36296E4A280D7F6C00B2C443 /* CharacterListViewController.swift in Sources */ = {isa = PBXBuildFile; fileRef = 36296E49280D7F6C00B2C443 /* CharacterListViewController.swift */; };
		36296E4C280D7F8100B2C443 /* CharacterListViewModel.swift in Sources */ = {isa = PBXBuildFile; fileRef = 36296E4B280D7F8100B2C443 /* CharacterListViewModel.swift */; };
		36296E50280D7FBD00B2C443 /* CharacterTableViewCell.xib in Resources */ = {isa = PBXBuildFile; fileRef = 36296E4E280D7FBD00B2C443 /* CharacterTableViewCell.xib */; };
		36296E51280D7FBD00B2C443 /* CharacterTableViewCell.swift in Sources */ = {isa = PBXBuildFile; fileRef = 36296E4F280D7FBD00B2C443 /* CharacterTableViewCell.swift */; };
		36296E53280D7FD300B2C443 /* UITableViewUtils.swift in Sources */ = {isa = PBXBuildFile; fileRef = 36296E52280D7FD300B2C443 /* UITableViewUtils.swift */; };
		36296E56280D7FDC00B2C443 /* NetworkManager.swift in Sources */ = {isa = PBXBuildFile; fileRef = 36296E54280D7FDC00B2C443 /* NetworkManager.swift */; };
		36296E57280D7FDC00B2C443 /* CharacterListResponse.swift in Sources */ = {isa = PBXBuildFile; fileRef = 36296E55280D7FDC00B2C443 /* CharacterListResponse.swift */; };
/* End PBXBuildFile section */

/* Begin PBXFileReference section */
		36296E28280D7DC700B2C443 /* Marvel Browser.app */ = {isa = PBXFileReference; explicitFileType = wrapper.application; includeInIndex = 0; path = "Marvel Browser.app"; sourceTree = BUILT_PRODUCTS_DIR; };
		36296E2B280D7DC700B2C443 /* AppDelegate.swift */ = {isa = PBXFileReference; lastKnownFileType = sourcecode.swift; path = AppDelegate.swift; sourceTree = "<group>"; };
		36296E2D280D7DC700B2C443 /* SceneDelegate.swift */ = {isa = PBXFileReference; lastKnownFileType = sourcecode.swift; path = SceneDelegate.swift; sourceTree = "<group>"; };
		36296E34280D7DC900B2C443 /* Assets.xcassets */ = {isa = PBXFileReference; lastKnownFileType = folder.assetcatalog; path = Assets.xcassets; sourceTree = "<group>"; };
		36296E37280D7DC900B2C443 /* Base */ = {isa = PBXFileReference; lastKnownFileType = file.storyboard; name = Base; path = Base.lproj/LaunchScreen.storyboard; sourceTree = "<group>"; };
		36296E39280D7DC900B2C443 /* Info.plist */ = {isa = PBXFileReference; lastKnownFileType = text.plist.xml; path = Info.plist; sourceTree = "<group>"; };
		36296E49280D7F6C00B2C443 /* CharacterListViewController.swift */ = {isa = PBXFileReference; lastKnownFileType = sourcecode.swift; path = CharacterListViewController.swift; sourceTree = "<group>"; };
		36296E4B280D7F8100B2C443 /* CharacterListViewModel.swift */ = {isa = PBXFileReference; lastKnownFileType = sourcecode.swift; path = CharacterListViewModel.swift; sourceTree = "<group>"; };
		36296E4E280D7FBD00B2C443 /* CharacterTableViewCell.xib */ = {isa = PBXFileReference; fileEncoding = 4; lastKnownFileType = file.xib; path = CharacterTableViewCell.xib; sourceTree = "<group>"; };
		36296E4F280D7FBD00B2C443 /* CharacterTableViewCell.swift */ = {isa = PBXFileReference; fileEncoding = 4; lastKnownFileType = sourcecode.swift; path = CharacterTableViewCell.swift; sourceTree = "<group>"; };
		36296E52280D7FD300B2C443 /* UITableViewUtils.swift */ = {isa = PBXFileReference; fileEncoding = 4; lastKnownFileType = sourcecode.swift; path = UITableViewUtils.swift; sourceTree = "<group>"; };
		36296E54280D7FDC00B2C443 /* NetworkManager.swift */ = {isa = PBXFileReference; fileEncoding = 4; lastKnownFileType = sourcecode.swift; path = NetworkManager.swift; sourceTree = "<group>"; };
		36296E55280D7FDC00B2C443 /* CharacterListResponse.swift */ = {isa = PBXFileReference; fileEncoding = 4; lastKnownFileType = sourcecode.swift; path = CharacterListResponse.swift; sourceTree = "<group>"; };
/* End PBXFileReference section */

/* Begin PBXFrameworksBuildPhase section */
		36296E25280D7DC700B2C443 /* Frameworks */ = {
			isa = PBXFrameworksBuildPhase;
			buildActionMask = 2147483647;
			files = (
				36296E45280D7F0F00B2C443 /* SDWebImage in Frameworks */,
				36296E42280D7EEE00B2C443 /* Alamofire in Frameworks */,
			);
			runOnlyForDeploymentPostprocessing = 0;
		};
/* End PBXFrameworksBuildPhase section */

/* Begin PBXGroup section */
		36296E1F280D7DC600B2C443 = {
			isa = PBXGroup;
			children = (
				36296E2A280D7DC700B2C443 /* Marvel Browser */,
				36296E29280D7DC700B2C443 /* Products */,
			);
			sourceTree = "<group>";
		};
		36296E29280D7DC700B2C443 /* Products */ = {
			isa = PBXGroup;
			children = (
				36296E28280D7DC700B2C443 /* Marvel Browser.app */,
			);
			name = Products;
			sourceTree = "<group>";
		};
		36296E2A280D7DC700B2C443 /* Marvel Browser */ = {
			isa = PBXGroup;
			children = (
				36296E3F280D7DD700B2C443 /* app */,
				36296E46280D7F2A00B2C443 /* ui */,
				36296E48280D7F2E00B2C443 /* utils */,
				36296E47280D7F2C00B2C443 /* api */,
				36296E34280D7DC900B2C443 /* Assets.xcassets */,
				36296E36280D7DC900B2C443 /* LaunchScreen.storyboard */,
				36296E39280D7DC900B2C443 /* Info.plist */,
			);
			path = "Marvel Browser";
			sourceTree = "<group>";
		};
		36296E3F280D7DD700B2C443 /* app */ = {
			isa = PBXGroup;
			children = (
				36296E2B280D7DC700B2C443 /* AppDelegate.swift */,
				36296E2D280D7DC700B2C443 /* SceneDelegate.swift */,
			);
			path = app;
			sourceTree = "<group>";
		};
		36296E46280D7F2A00B2C443 /* ui */ = {
			isa = PBXGroup;
			children = (
				36296E49280D7F6C00B2C443 /* CharacterListViewController.swift */,
				36296E4B280D7F8100B2C443 /* CharacterListViewModel.swift */,
				36296E4D280D7FBD00B2C443 /* UITableViewCell */,
			);
			path = ui;
			sourceTree = "<group>";
		};
		36296E47280D7F2C00B2C443 /* api */ = {
			isa = PBXGroup;
			children = (
				36296E54280D7FDC00B2C443 /* NetworkManager.swift */,
				36296E55280D7FDC00B2C443 /* CharacterListResponse.swift */,
			);
			path = api;
			sourceTree = "<group>";
		};
		36296E48280D7F2E00B2C443 /* utils */ = {
			isa = PBXGroup;
			children = (
				36296E52280D7FD300B2C443 /* UITableViewUtils.swift */,
			);
			path = utils;
			sourceTree = "<group>";
		};
		36296E4D280D7FBD00B2C443 /* UITableViewCell */ = {
			isa = PBXGroup;
			children = (
				36296E4E280D7FBD00B2C443 /* CharacterTableViewCell.xib */,
				36296E4F280D7FBD00B2C443 /* CharacterTableViewCell.swift */,
			);
			path = UITableViewCell;
			sourceTree = "<group>";
		};
/* End PBXGroup section */

/* Begin PBXNativeTarget section */
		36296E27280D7DC700B2C443 /* Marvel Browser */ = {
			isa = PBXNativeTarget;
			buildConfigurationList = 36296E3C280D7DC900B2C443 /* Build configuration list for PBXNativeTarget "Marvel Browser" */;
			buildPhases = (
				36296E24280D7DC700B2C443 /* Sources */,
				36296E25280D7DC700B2C443 /* Frameworks */,
				36296E26280D7DC700B2C443 /* Resources */,
			);
			buildRules = (
			);
			dependencies = (
			);
			name = "Marvel Browser";
			packageProductDependencies = (
				36296E41280D7EEE00B2C443 /* Alamofire */,
				36296E44280D7F0F00B2C443 /* SDWebImage */,
			);
			productName = "Marvel Browser";
			productReference = 36296E28280D7DC700B2C443 /* Marvel Browser.app */;
			productType = "com.apple.product-type.application";
		};
/* End PBXNativeTarget section */

/* Begin PBXProject section */
		36296E20280D7DC600B2C443 /* Project object */ = {
			isa = PBXProject;
			attributes = {
				BuildIndependentTargetsInParallel = 1;
				LastSwiftUpdateCheck = 1330;
				LastUpgradeCheck = 1330;
				TargetAttributes = {
					36296E27280D7DC700B2C443 = {
						CreatedOnToolsVersion = 13.3;
					};
				};
			};
			buildConfigurationList = 36296E23280D7DC600B2C443 /* Build configuration list for PBXProject "Marvel Browser" */;
			compatibilityVersion = "Xcode 13.0";
			developmentRegion = en;
			hasScannedForEncodings = 0;
			knownRegions = (
				en,
				Base,
			);
			mainGroup = 36296E1F280D7DC600B2C443;
			packageReferences = (
				36296E40280D7EEE00B2C443 /* XCRemoteSwiftPackageReference "Alamofire" */,
				36296E43280D7F0F00B2C443 /* XCRemoteSwiftPackageReference "SDWebImage" */,
			);
			productRefGroup = 36296E29280D7DC700B2C443 /* Products */;
			projectDirPath = "";
			projectRoot = "";
			targets = (
				36296E27280D7DC700B2C443 /* Marvel Browser */,
			);
		};
/* End PBXProject section */

/* Begin PBXResourcesBuildPhase section */
		36296E26280D7DC700B2C443 /* Resources */ = {
			isa = PBXResourcesBuildPhase;
			buildActionMask = 2147483647;
			files = (
				36296E50280D7FBD00B2C443 /* CharacterTableViewCell.xib in Resources */,
				36296E38280D7DC900B2C443 /* LaunchScreen.storyboard in Resources */,
				36296E35280D7DC900B2C443 /* Assets.xcassets in Resources */,
			);
			runOnlyForDeploymentPostprocessing = 0;
		};
/* End PBXResourcesBuildPhase section */

/* Begin PBXSourcesBuildPhase section */
		36296E24280D7DC700B2C443 /* Sources */ = {
			isa = PBXSourcesBuildPhase;
			buildActionMask = 2147483647;
			files = (
				36296E4C280D7F8100B2C443 /* CharacterListViewModel.swift in Sources */,
				36296E2C280D7DC700B2C443 /* AppDelegate.swift in Sources */,
				36296E51280D7FBD00B2C443 /* CharacterTableViewCell.swift in Sources */,
				36296E56280D7FDC00B2C443 /* NetworkManager.swift in Sources */,
				36296E53280D7FD300B2C443 /* UITableViewUtils.swift in Sources */,
				36296E4A280D7F6C00B2C443 /* CharacterListViewController.swift in Sources */,
				36296E57280D7FDC00B2C443 /* CharacterListResponse.swift in Sources */,
				36296E2E280D7DC700B2C443 /* SceneDelegate.swift in Sources */,
			);
			runOnlyForDeploymentPostprocessing = 0;
		};
/* End PBXSourcesBuildPhase section */

/* Begin PBXVariantGroup section */
		36296E36280D7DC900B2C443 /* LaunchScreen.storyboard */ = {
			isa = PBXVariantGroup;
			children = (
				36296E37280D7DC900B2C443 /* Base */,
			);
			name = LaunchScreen.storyboard;
			sourceTree = "<group>";
		};
/* End PBXVariantGroup section */

/* Begin XCBuildConfiguration section */
		36296E3A280D7DC900B2C443 /* Debug */ = {
			isa = XCBuildConfiguration;
			buildSettings = {
				ALWAYS_SEARCH_USER_PATHS = NO;
				CLANG_ANALYZER_NONNULL = YES;
				CLANG_ANALYZER_NUMBER_OBJECT_CONVERSION = YES_AGGRESSIVE;
				CLANG_CXX_LANGUAGE_STANDARD = "gnu++17";
				CLANG_ENABLE_MODULES = YES;
				CLANG_ENABLE_OBJC_ARC = YES;
				CLANG_ENABLE_OBJC_WEAK = YES;
				CLANG_WARN_BLOCK_CAPTURE_AUTORELEASING = YES;
				CLANG_WARN_BOOL_CONVERSION = YES;
				CLANG_WARN_COMMA = YES;
				CLANG_WARN_CONSTANT_CONVERSION = YES;
				CLANG_WARN_DEPRECATED_OBJC_IMPLEMENTATIONS = YES;
				CLANG_WARN_DIRECT_OBJC_ISA_USAGE = YES_ERROR;
				CLANG_WARN_DOCUMENTATION_COMMENTS = YES;
				CLANG_WARN_EMPTY_BODY = YES;
				CLANG_WARN_ENUM_CONVERSION = YES;
				CLANG_WARN_INFINITE_RECURSION = YES;
				CLANG_WARN_INT_CONVERSION = YES;
				CLANG_WARN_NON_LITERAL_NULL_CONVERSION = YES;
				CLANG_WARN_OBJC_IMPLICIT_RETAIN_SELF = YES;
				CLANG_WARN_OBJC_LITERAL_CONVERSION = YES;
				CLANG_WARN_OBJC_ROOT_CLASS = YES_ERROR;
				CLANG_WARN_QUOTED_INCLUDE_IN_FRAMEWORK_HEADER = YES;
				CLANG_WARN_RANGE_LOOP_ANALYSIS = YES;
				CLANG_WARN_STRICT_PROTOTYPES = YES;
				CLANG_WARN_SUSPICIOUS_MOVE = YES;
				CLANG_WARN_UNGUARDED_AVAILABILITY = YES_AGGRESSIVE;
				CLANG_WARN_UNREACHABLE_CODE = YES;
				CLANG_WARN__DUPLICATE_METHOD_MATCH = YES;
				COPY_PHASE_STRIP = NO;
				DEBUG_INFORMATION_FORMAT = dwarf;
				ENABLE_STRICT_OBJC_MSGSEND = YES;
				ENABLE_TESTABILITY = YES;
				GCC_C_LANGUAGE_STANDARD = gnu11;
				GCC_DYNAMIC_NO_PIC = NO;
				GCC_NO_COMMON_BLOCKS = YES;
				GCC_OPTIMIZATION_LEVEL = 0;
				GCC_PREPROCESSOR_DEFINITIONS = (
					"DEBUG=1",
					"$(inherited)",
				);
				GCC_WARN_64_TO_32_BIT_CONVERSION = YES;
				GCC_WARN_ABOUT_RETURN_TYPE = YES_ERROR;
				GCC_WARN_UNDECLARED_SELECTOR = YES;
				GCC_WARN_UNINITIALIZED_AUTOS = YES_AGGRESSIVE;
				GCC_WARN_UNUSED_FUNCTION = YES;
				GCC_WARN_UNUSED_VARIABLE = YES;
				IPHONEOS_DEPLOYMENT_TARGET = 15.4;
				MTL_ENABLE_DEBUG_INFO = INCLUDE_SOURCE;
				MTL_FAST_MATH = YES;
				ONLY_ACTIVE_ARCH = YES;
				SDKROOT = iphoneos;
				SWIFT_ACTIVE_COMPILATION_CONDITIONS = DEBUG;
				SWIFT_OPTIMIZATION_LEVEL = "-Onone";
			};
			name = Debug;
		};
		36296E3B280D7DC900B2C443 /* Release */ = {
			isa = XCBuildConfiguration;
			buildSettings = {
				ALWAYS_SEARCH_USER_PATHS = NO;
				CLANG_ANALYZER_NONNULL = YES;
				CLANG_ANALYZER_NUMBER_OBJECT_CONVERSION = YES_AGGRESSIVE;
				CLANG_CXX_LANGUAGE_STANDARD = "gnu++17";
				CLANG_ENABLE_MODULES = YES;
				CLANG_ENABLE_OBJC_ARC = YES;
				CLANG_ENABLE_OBJC_WEAK = YES;
				CLANG_WARN_BLOCK_CAPTURE_AUTORELEASING = YES;
				CLANG_WARN_BOOL_CONVERSION = YES;
				CLANG_WARN_COMMA = YES;
				CLANG_WARN_CONSTANT_CONVERSION = YES;
				CLANG_WARN_DEPRECATED_OBJC_IMPLEMENTATIONS = YES;
				CLANG_WARN_DIRECT_OBJC_ISA_USAGE = YES_ERROR;
				CLANG_WARN_DOCUMENTATION_COMMENTS = YES;
				CLANG_WARN_EMPTY_BODY = YES;
				CLANG_WARN_ENUM_CONVERSION = YES;
				CLANG_WARN_INFINITE_RECURSION = YES;
				CLANG_WARN_INT_CONVERSION = YES;
				CLANG_WARN_NON_LITERAL_NULL_CONVERSION = YES;
				CLANG_WARN_OBJC_IMPLICIT_RETAIN_SELF = YES;
				CLANG_WARN_OBJC_LITERAL_CONVERSION = YES;
				CLANG_WARN_OBJC_ROOT_CLASS = YES_ERROR;
				CLANG_WARN_QUOTED_INCLUDE_IN_FRAMEWORK_HEADER = YES;
				CLANG_WARN_RANGE_LOOP_ANALYSIS = YES;
				CLANG_WARN_STRICT_PROTOTYPES = YES;
				CLANG_WARN_SUSPICIOUS_MOVE = YES;
				CLANG_WARN_UNGUARDED_AVAILABILITY = YES_AGGRESSIVE;
				CLANG_WARN_UNREACHABLE_CODE = YES;
				CLANG_WARN__DUPLICATE_METHOD_MATCH = YES;
				COPY_PHASE_STRIP = NO;
				DEBUG_INFORMATION_FORMAT = "dwarf-with-dsym";
				ENABLE_NS_ASSERTIONS = NO;
				ENABLE_STRICT_OBJC_MSGSEND = YES;
				GCC_C_LANGUAGE_STANDARD = gnu11;
				GCC_NO_COMMON_BLOCKS = YES;
				GCC_WARN_64_TO_32_BIT_CONVERSION = YES;
				GCC_WARN_ABOUT_RETURN_TYPE = YES_ERROR;
				GCC_WARN_UNDECLARED_SELECTOR = YES;
				GCC_WARN_UNINITIALIZED_AUTOS = YES_AGGRESSIVE;
				GCC_WARN_UNUSED_FUNCTION = YES;
				GCC_WARN_UNUSED_VARIABLE = YES;
				IPHONEOS_DEPLOYMENT_TARGET = 15.4;
				MTL_ENABLE_DEBUG_INFO = NO;
				MTL_FAST_MATH = YES;
				SDKROOT = iphoneos;
				SWIFT_COMPILATION_MODE = wholemodule;
				SWIFT_OPTIMIZATION_LEVEL = "-O";
				VALIDATE_PRODUCT = YES;
			};
			name = Release;
		};
		36296E3D280D7DC900B2C443 /* Debug */ = {
			isa = XCBuildConfiguration;
			buildSettings = {
				ASSETCATALOG_COMPILER_APPICON_NAME = AppIcon;
				ASSETCATALOG_COMPILER_GLOBAL_ACCENT_COLOR_NAME = AccentColor;
				CODE_SIGN_STYLE = Automatic;
				CURRENT_PROJECT_VERSION = 1;
				DEVELOPMENT_TEAM = 6FU89G729F;
				GENERATE_INFOPLIST_FILE = YES;
				INFOPLIST_FILE = "Marvel Browser/Info.plist";
				INFOPLIST_KEY_UIApplicationSupportsIndirectInputEvents = YES;
				INFOPLIST_KEY_UILaunchStoryboardName = LaunchScreen;
				INFOPLIST_KEY_UISupportedInterfaceOrientations_iPad = "UIInterfaceOrientationPortrait UIInterfaceOrientationPortraitUpsideDown UIInterfaceOrientationLandscapeLeft UIInterfaceOrientationLandscapeRight";
				INFOPLIST_KEY_UISupportedInterfaceOrientations_iPhone = "UIInterfaceOrientationPortrait UIInterfaceOrientationLandscapeLeft UIInterfaceOrientationLandscapeRight";
				IPHONEOS_DEPLOYMENT_TARGET = 14.0;
				LD_RUNPATH_SEARCH_PATHS = (
					"$(inherited)",
					"@executable_path/Frameworks",
				);
				MARKETING_VERSION = 1.0;
				PRODUCT_BUNDLE_IDENTIFIER = "com.vaivar.es.Marvel-Browser";
				PRODUCT_NAME = "$(TARGET_NAME)";
				SWIFT_EMIT_LOC_STRINGS = YES;
				SWIFT_VERSION = 5.0;
				TARGETED_DEVICE_FAMILY = 1;
			};
			name = Debug;
		};
		36296E3E280D7DC900B2C443 /* Release */ = {
			isa = XCBuildConfiguration;
			buildSettings = {
				ASSETCATALOG_COMPILER_APPICON_NAME = AppIcon;
				ASSETCATALOG_COMPILER_GLOBAL_ACCENT_COLOR_NAME = AccentColor;
				CODE_SIGN_STYLE = Automatic;
				CURRENT_PROJECT_VERSION = 1;
				DEVELOPMENT_TEAM = 6FU89G729F;
				GENERATE_INFOPLIST_FILE = YES;
				INFOPLIST_FILE = "Marvel Browser/Info.plist";
				INFOPLIST_KEY_UIApplicationSupportsIndirectInputEvents = YES;
				INFOPLIST_KEY_UILaunchStoryboardName = LaunchScreen;
				INFOPLIST_KEY_UISupportedInterfaceOrientations_iPad = "UIInterfaceOrientationPortrait UIInterfaceOrientationPortraitUpsideDown UIInterfaceOrientationLandscapeLeft UIInterfaceOrientationLandscapeRight";
				INFOPLIST_KEY_UISupportedInterfaceOrientations_iPhone = "UIInterfaceOrientationPortrait UIInterfaceOrientationLandscapeLeft UIInterfaceOrientationLandscapeRight";
				IPHONEOS_DEPLOYMENT_TARGET = 14.0;
				LD_RUNPATH_SEARCH_PATHS = (
					"$(inherited)",
					"@executable_path/Frameworks",
				);
				MARKETING_VERSION = 1.0;
				PRODUCT_BUNDLE_IDENTIFIER = "com.vaivar.es.Marvel-Browser";
				PRODUCT_NAME = "$(TARGET_NAME)";
				SWIFT_EMIT_LOC_STRINGS = YES;
				SWIFT_VERSION = 5.0;
				TARGETED_DEVICE_FAMILY = 1;
			};
			name = Release;
		};
/* End XCBuildConfiguration section */

/* Begin XCConfigurationList section */
		36296E23280D7DC600B2C443 /* Build configuration list for PBXProject "Marvel Browser" */ = {
			isa = XCConfigurationList;
			buildConfigurations = (
				36296E3A280D7DC900B2C443 /* Debug */,
				36296E3B280D7DC900B2C443 /* Release */,
			);
			defaultConfigurationIsVisible = 0;
			defaultConfigurationName = Release;
		};
		36296E3C280D7DC900B2C443 /* Build configuration list for PBXNativeTarget "Marvel Browser" */ = {
			isa = XCConfigurationList;
			buildConfigurations = (
				36296E3D280D7DC900B2C443 /* Debug */,
				36296E3E280D7DC900B2C443 /* Release */,
			);
			defaultConfigurationIsVisible = 0;
			defaultConfigurationName = Release;
		};
/* End XCConfigurationList section */

/* Begin XCRemoteSwiftPackageReference section */
		36296E40280D7EEE00B2C443 /* XCRemoteSwiftPackageReference "Alamofire" */ = {
			isa = XCRemoteSwiftPackageReference;
			repositoryURL = "https://github.com/Alamofire/Alamofire.git";
			requirement = {
				kind = exactVersion;
				version = 5.6.1;
			};
		};
		36296E43280D7F0F00B2C443 /* XCRemoteSwiftPackageReference "SDWebImage" */ = {
			isa = XCRemoteSwiftPackageReference;
			repositoryURL = "https://github.com/SDWebImage/SDWebImage.git";
			requirement = {
				kind = exactVersion;
				version = 5.12.5;
			};
		};
/* End XCRemoteSwiftPackageReference section */

/* Begin XCSwiftPackageProductDependency section */
		36296E41280D7EEE00B2C443 /* Alamofire */ = {
			isa = XCSwiftPackageProductDependency;
			package = 36296E40280D7EEE00B2C443 /* XCRemoteSwiftPackageReference "Alamofire" */;
			productName = Alamofire;
		};
		36296E44280D7F0F00B2C443 /* SDWebImage */ = {
			isa = XCSwiftPackageProductDependency;
			package = 36296E43280D7F0F00B2C443 /* XCRemoteSwiftPackageReference "SDWebImage" */;
			productName = SDWebImage;
		};
/* End XCSwiftPackageProductDependency section */
	};
	rootObject = 36296E20280D7DC600B2C443 /* Project object */;
}
